
Microsoft Visual Studio Solution File, Format Version 12.00
# Visual Studio Version 16
VisualStudioVersion = 16.0.31112.23
MinimumVisualStudioVersion = 10.0.40219.1
Project("{FAE04EC0-301F-11D3-BF4B-00C04F79EFBC}") = "FORM-TESTE", "FORM-TESTE\FORM-TESTE.csproj", "{939A6F69-B01A-40BF-A658-3AAC8F00259C}"
EndProject
Global
	GlobalSection(SolutionConfigurationPlatforms) = preSolution
		Debug|Any CPU = Debug|Any CPU
		Release|Any CPU = Release|Any CPU
	EndGlobalSection
	GlobalSection(ProjectConfigurationPlatforms) = postSolution
		{939A6F69-B01A-40BF-A658-3AAC8F00259C}.Debug|Any CPU.ActiveCfg = Debug|Any CPU
		{939A6F69-B01A-40BF-A658-3AAC8F00259C}.Debug|Any CPU.Build.0 = Debug|Any CPU
		{939A6F69-B01A-40BF-A658-3AAC8F00259C}.Release|Any CPU.ActiveCfg = Release|Any CPU
		{939A6F69-B01A-40BF-A658-3AAC8F00259C}.Release|Any CPU.Build.0 = Release|Any CPU
	EndGlobalSection
	GlobalSection(SolutionProperties) = preSolution
		HideSolutionNode = FALSE
	EndGlobalSection
	GlobalSection(ExtensibilityGlobals) = postSolution
		SolutionGuid = {33B1A1CD-29FE-47E2-B471-C201BDB7BF01}
	EndGlobalSection
EndGlobal
